// !$*UTF8*$!
{
	archiveVersion = 1;
	classes = {
	};
	objectVersion = 56;
	objects = {

/* Begin PBXBuildFile section */
		3F37FA052BEE7BD900EFB362 /* SettingCell.swift in Sources */ = {isa = PBXBuildFile; fileRef = 3F37FA042BEE7BD900EFB362 /* SettingCell.swift */; };
		3F49B7842BDD948C0061CE46 /* NewExpenseController.swift in Sources */ = {isa = PBXBuildFile; fileRef = 3F49B7832BDD948C0061CE46 /* NewExpenseController.swift */; };
		3F7F7D4D2BEE38B700AF4867 /* ProfileViewController.swift in Sources */ = {isa = PBXBuildFile; fileRef = 3F7F7D4C2BEE38B700AF4867 /* ProfileViewController.swift */; };
		3F7F7D4F2BEE4F5E00AF4867 /* EditProfileViewController.swift in Sources */ = {isa = PBXBuildFile; fileRef = 3F7F7D4E2BEE4F5E00AF4867 /* EditProfileViewController.swift */; };
		3F91F9542BDE8AAF00D53E19 /* NewIncomeController.swift in Sources */ = {isa = PBXBuildFile; fileRef = 3F91F9532BDE8AAF00D53E19 /* NewIncomeController.swift */; };
		3F92F0542BD5375100CCD1D9 /* AppDelegate.swift in Sources */ = {isa = PBXBuildFile; fileRef = 3F92F0532BD5375100CCD1D9 /* AppDelegate.swift */; };
		3F92F0562BD5375100CCD1D9 /* SceneDelegate.swift in Sources */ = {isa = PBXBuildFile; fileRef = 3F92F0552BD5375100CCD1D9 /* SceneDelegate.swift */; };
		3F92F0582BD5375100CCD1D9 /* LoginViewController.swift in Sources */ = {isa = PBXBuildFile; fileRef = 3F92F0572BD5375100CCD1D9 /* LoginViewController.swift */; };
		3F92F05B2BD5375100CCD1D9 /* Main.storyboard in Resources */ = {isa = PBXBuildFile; fileRef = 3F92F0592BD5375100CCD1D9 /* Main.storyboard */; };
		3F92F05E2BD5375100CCD1D9 /* ios_money_management.xcdatamodeld in Sources */ = {isa = PBXBuildFile; fileRef = 3F92F05C2BD5375100CCD1D9 /* ios_money_management.xcdatamodeld */; };
		3F92F0602BD5375200CCD1D9 /* Assets.xcassets in Resources */ = {isa = PBXBuildFile; fileRef = 3F92F05F2BD5375200CCD1D9 /* Assets.xcassets */; };
		3F92F0632BD5375200CCD1D9 /* LaunchScreen.storyboard in Resources */ = {isa = PBXBuildFile; fileRef = 3F92F0612BD5375200CCD1D9 /* LaunchScreen.storyboard */; };
		3F92F06E2BD5375300CCD1D9 /* ios_money_managementTests.swift in Sources */ = {isa = PBXBuildFile; fileRef = 3F92F06D2BD5375300CCD1D9 /* ios_money_managementTests.swift */; };
		3F92F0782BD5375300CCD1D9 /* ios_money_managementUITests.swift in Sources */ = {isa = PBXBuildFile; fileRef = 3F92F0772BD5375300CCD1D9 /* ios_money_managementUITests.swift */; };
		3F92F07A2BD5375300CCD1D9 /* ios_money_managementUITestsLaunchTests.swift in Sources */ = {isa = PBXBuildFile; fileRef = 3F92F0792BD5375300CCD1D9 /* ios_money_managementUITestsLaunchTests.swift */; };
		3F9E5FBE2BEC394900E6A36B /* AddWalletViewController.swift in Sources */ = {isa = PBXBuildFile; fileRef = 3F9E5FBD2BEC394900E6A36B /* AddWalletViewController.swift */; };
		3F9E5FC02BEC39E700E6A36B /* EditWalletViewController.swift in Sources */ = {isa = PBXBuildFile; fileRef = 3F9E5FBF2BEC39E700E6A36B /* EditWalletViewController.swift */; };
		3FA1F5F52BE81DA20010C22D /* DetailIncomeViewController.swift in Sources */ = {isa = PBXBuildFile; fileRef = 3FA1F5F42BE81DA20010C22D /* DetailIncomeViewController.swift */; };
		3FA748ED2BEC59A900F7FD76 /* IconCell.swift in Sources */ = {isa = PBXBuildFile; fileRef = 3FA748EC2BEC59A900F7FD76 /* IconCell.swift */; };
		3FA748EF2BEC778100F7FD76 /* AddIconWalletCell.swift in Sources */ = {isa = PBXBuildFile; fileRef = 3FA748EE2BEC778100F7FD76 /* AddIconWalletCell.swift */; };
		3FB951D82BE79EDB00F71B73 /* DetailExpenseViewController.swift in Sources */ = {isa = PBXBuildFile; fileRef = 3FB951D72BE79EDB00F71B73 /* DetailExpenseViewController.swift */; };
		3FC287FE2BEBBA6500B3C841 /* ImageCell.swift in Sources */ = {isa = PBXBuildFile; fileRef = 3FC287FD2BEBBA6500B3C841 /* ImageCell.swift */; };
		3FC288002BEBCDF100B3C841 /* IncomeImageCell.swift in Sources */ = {isa = PBXBuildFile; fileRef = 3FC287FF2BEBCDF100B3C841 /* IncomeImageCell.swift */; };
		3FE5D8A62BFC11B000F963D9 /* DetailExpenseCell.swift in Sources */ = {isa = PBXBuildFile; fileRef = 3FE5D8A52BFC11B000F963D9 /* DetailExpenseCell.swift */; };
		3FE5D8A82BFC178100F963D9 /* DetailIncomeCell.swift in Sources */ = {isa = PBXBuildFile; fileRef = 3FE5D8A72BFC178100F963D9 /* DetailIncomeCell.swift */; };
		6436505E2BE804950019A04B /* TransactionViewController.swift in Sources */ = {isa = PBXBuildFile; fileRef = 6436505D2BE804950019A04B /* TransactionViewController.swift */; };
		643C040E2BD7CC28008E105E /* HomeViewController.swift in Sources */ = {isa = PBXBuildFile; fileRef = 643C040D2BD7CC28008E105E /* HomeViewController.swift */; };
		643C04172BDCB17A008E105E /* Transaction.swift in Sources */ = {isa = PBXBuildFile; fileRef = 643C04162BDCB17A008E105E /* Transaction.swift */; };
		644E046E2BED276A004D2AFB /* AccountWalletsViewController.swift in Sources */ = {isa = PBXBuildFile; fileRef = 644E046D2BED276A004D2AFB /* AccountWalletsViewController.swift */; };
		644E04712BED2985004D2AFB /* WalletTableViewCell.swift in Sources */ = {isa = PBXBuildFile; fileRef = 644E046F2BED2985004D2AFB /* WalletTableViewCell.swift */; };
		644E04722BED2985004D2AFB /* WalletTableViewCell.xib in Resources */ = {isa = PBXBuildFile; fileRef = 644E04702BED2985004D2AFB /* WalletTableViewCell.xib */; };
		644E04742BED2B35004D2AFB /* Wallet.swift in Sources */ = {isa = PBXBuildFile; fileRef = 644E04732BED2B35004D2AFB /* Wallet.swift */; };
		644E04782BEDC1AF004D2AFB /* DetailWalletViewController.swift in Sources */ = {isa = PBXBuildFile; fileRef = 644E04772BEDC1AF004D2AFB /* DetailWalletViewController.swift */; };
		644E047A2BEE567E004D2AFB /* WelcomeNavigation_Controller.swift in Sources */ = {isa = PBXBuildFile; fileRef = 644E04792BEE567E004D2AFB /* WelcomeNavigation_Controller.swift */; };
		644E047C2BEF2A7B004D2AFB /* UserProfile.swift in Sources */ = {isa = PBXBuildFile; fileRef = 644E047B2BEF2A7B004D2AFB /* UserProfile.swift */; };
		6464A2602BFB535800B6A4A2 /* SDWebImage in Frameworks */ = {isa = PBXBuildFile; productRef = 6464A25F2BFB535800B6A4A2 /* SDWebImage */; };
		6467B9122BF0772300373C8B /* Category.swift in Sources */ = {isa = PBXBuildFile; fileRef = 6467B9112BF0772300373C8B /* Category.swift */; };
		646B64C42BD5A151004049FB /* GoogleService-Info.plist in Resources */ = {isa = PBXBuildFile; fileRef = 646B64C32BD5A151004049FB /* GoogleService-Info.plist */; };
		646B64CC2BD5B145004049FB /* FirebaseAuth in Frameworks */ = {isa = PBXBuildFile; productRef = 646B64CB2BD5B145004049FB /* FirebaseAuth */; };
		646B64CE2BD5B145004049FB /* FirebaseFirestore in Frameworks */ = {isa = PBXBuildFile; productRef = 646B64CD2BD5B145004049FB /* FirebaseFirestore */; };
		646B64D02BD5B145004049FB /* FirebaseFirestoreSwift in Frameworks */ = {isa = PBXBuildFile; productRef = 646B64CF2BD5B145004049FB /* FirebaseFirestoreSwift */; };
		646B64D22BD5B145004049FB /* FirebaseStorage in Frameworks */ = {isa = PBXBuildFile; productRef = 646B64D12BD5B145004049FB /* FirebaseStorage */; };
		646B64D42BD667C7004049FB /* ForgotPasswordViewController.swift in Sources */ = {isa = PBXBuildFile; fileRef = 646B64D32BD667C7004049FB /* ForgotPasswordViewController.swift */; };
		646E4C9C2BDFB148004DCCF2 /* TransactionTableViewCell.swift in Sources */ = {isa = PBXBuildFile; fileRef = 646E4C9A2BDFB148004DCCF2 /* TransactionTableViewCell.swift */; };
		646E4C9D2BDFB148004DCCF2 /* TransactionTableViewCell.xib in Resources */ = {isa = PBXBuildFile; fileRef = 646E4C9B2BDFB148004DCCF2 /* TransactionTableViewCell.xib */; };
		6476A9D22BD53384009935A8 /* WelcomeViewController.swift in Sources */ = {isa = PBXBuildFile; fileRef = 6476A9D12BD53384009935A8 /* WelcomeViewController.swift */; };
		6476A9DA2BD57228009935A8 /* SignUpViewController.swift in Sources */ = {isa = PBXBuildFile; fileRef = 6476A9D92BD57228009935A8 /* SignUpViewController.swift */; };
		64B9EFE62BDD0163007055B8 /* TransactionTableViewController.swift in Sources */ = {isa = PBXBuildFile; fileRef = 64B9EFE52BDD0163007055B8 /* TransactionTableViewController.swift */; };
		64B9EFE82BDD01FA007055B8 /* Transaction_TEMP_TableViewCell.swift in Sources */ = {isa = PBXBuildFile; fileRef = 64B9EFE72BDD01FA007055B8 /* Transaction_TEMP_TableViewCell.swift */; };
		64B9EFEE2BDD4FDC007055B8 /* TabHomeViewController.swift in Sources */ = {isa = PBXBuildFile; fileRef = 64B9EFED2BDD4FDC007055B8 /* TabHomeViewController.swift */; };
/* End PBXBuildFile section */

/* Begin PBXContainerItemProxy section */
		3F92F06A2BD5375300CCD1D9 /* PBXContainerItemProxy */ = {
			isa = PBXContainerItemProxy;
			containerPortal = 3F92F0482BD5375000CCD1D9 /* Project object */;
			proxyType = 1;
			remoteGlobalIDString = 3F92F04F2BD5375100CCD1D9;
			remoteInfo = "ios-money-management";
		};
		3F92F0742BD5375300CCD1D9 /* PBXContainerItemProxy */ = {
			isa = PBXContainerItemProxy;
			containerPortal = 3F92F0482BD5375000CCD1D9 /* Project object */;
			proxyType = 1;
			remoteGlobalIDString = 3F92F04F2BD5375100CCD1D9;
			remoteInfo = "ios-money-management";
		};
/* End PBXContainerItemProxy section */

/* Begin PBXFileReference section */
		3F37FA042BEE7BD900EFB362 /* SettingCell.swift */ = {isa = PBXFileReference; lastKnownFileType = sourcecode.swift; path = SettingCell.swift; sourceTree = "<group>"; };
		3F49B7832BDD948C0061CE46 /* NewExpenseController.swift */ = {isa = PBXFileReference; lastKnownFileType = sourcecode.swift; path = NewExpenseController.swift; sourceTree = "<group>"; };
		3F7F7D4C2BEE38B700AF4867 /* ProfileViewController.swift */ = {isa = PBXFileReference; lastKnownFileType = sourcecode.swift; path = ProfileViewController.swift; sourceTree = "<group>"; };
		3F7F7D4E2BEE4F5E00AF4867 /* EditProfileViewController.swift */ = {isa = PBXFileReference; lastKnownFileType = sourcecode.swift; path = EditProfileViewController.swift; sourceTree = "<group>"; };
		3F91F9532BDE8AAF00D53E19 /* NewIncomeController.swift */ = {isa = PBXFileReference; lastKnownFileType = sourcecode.swift; path = NewIncomeController.swift; sourceTree = "<group>"; };
		3F92F0502BD5375100CCD1D9 /* ios-money-management.app */ = {isa = PBXFileReference; explicitFileType = wrapper.application; includeInIndex = 0; path = "ios-money-management.app"; sourceTree = BUILT_PRODUCTS_DIR; };
		3F92F0532BD5375100CCD1D9 /* AppDelegate.swift */ = {isa = PBXFileReference; lastKnownFileType = sourcecode.swift; path = AppDelegate.swift; sourceTree = "<group>"; };
		3F92F0552BD5375100CCD1D9 /* SceneDelegate.swift */ = {isa = PBXFileReference; lastKnownFileType = sourcecode.swift; path = SceneDelegate.swift; sourceTree = "<group>"; };
		3F92F0572BD5375100CCD1D9 /* LoginViewController.swift */ = {isa = PBXFileReference; lastKnownFileType = sourcecode.swift; path = LoginViewController.swift; sourceTree = "<group>"; };
		3F92F05A2BD5375100CCD1D9 /* Base */ = {isa = PBXFileReference; lastKnownFileType = file.storyboard; name = Base; path = Base.lproj/Main.storyboard; sourceTree = "<group>"; };
		3F92F05D2BD5375100CCD1D9 /* ios_money_management.xcdatamodel */ = {isa = PBXFileReference; lastKnownFileType = wrapper.xcdatamodel; path = ios_money_management.xcdatamodel; sourceTree = "<group>"; };
		3F92F05F2BD5375200CCD1D9 /* Assets.xcassets */ = {isa = PBXFileReference; lastKnownFileType = folder.assetcatalog; path = Assets.xcassets; sourceTree = "<group>"; };
		3F92F0622BD5375200CCD1D9 /* Base */ = {isa = PBXFileReference; lastKnownFileType = file.storyboard; name = Base; path = Base.lproj/LaunchScreen.storyboard; sourceTree = "<group>"; };
		3F92F0642BD5375200CCD1D9 /* Info.plist */ = {isa = PBXFileReference; lastKnownFileType = text.plist.xml; path = Info.plist; sourceTree = "<group>"; };
		3F92F0692BD5375300CCD1D9 /* ios-money-managementTests.xctest */ = {isa = PBXFileReference; explicitFileType = wrapper.cfbundle; includeInIndex = 0; path = "ios-money-managementTests.xctest"; sourceTree = BUILT_PRODUCTS_DIR; };
		3F92F06D2BD5375300CCD1D9 /* ios_money_managementTests.swift */ = {isa = PBXFileReference; lastKnownFileType = sourcecode.swift; path = ios_money_managementTests.swift; sourceTree = "<group>"; };
		3F92F0732BD5375300CCD1D9 /* ios-money-managementUITests.xctest */ = {isa = PBXFileReference; explicitFileType = wrapper.cfbundle; includeInIndex = 0; path = "ios-money-managementUITests.xctest"; sourceTree = BUILT_PRODUCTS_DIR; };
		3F92F0772BD5375300CCD1D9 /* ios_money_managementUITests.swift */ = {isa = PBXFileReference; lastKnownFileType = sourcecode.swift; path = ios_money_managementUITests.swift; sourceTree = "<group>"; };
		3F92F0792BD5375300CCD1D9 /* ios_money_managementUITestsLaunchTests.swift */ = {isa = PBXFileReference; lastKnownFileType = sourcecode.swift; path = ios_money_managementUITestsLaunchTests.swift; sourceTree = "<group>"; };
		3F9E5FBD2BEC394900E6A36B /* AddWalletViewController.swift */ = {isa = PBXFileReference; lastKnownFileType = sourcecode.swift; path = AddWalletViewController.swift; sourceTree = "<group>"; };
		3F9E5FBF2BEC39E700E6A36B /* EditWalletViewController.swift */ = {isa = PBXFileReference; lastKnownFileType = sourcecode.swift; path = EditWalletViewController.swift; sourceTree = "<group>"; };
		3FA1F5F42BE81DA20010C22D /* DetailIncomeViewController.swift */ = {isa = PBXFileReference; lastKnownFileType = sourcecode.swift; path = DetailIncomeViewController.swift; sourceTree = "<group>"; };
		3FA748EC2BEC59A900F7FD76 /* IconCell.swift */ = {isa = PBXFileReference; lastKnownFileType = sourcecode.swift; path = IconCell.swift; sourceTree = "<group>"; };
		3FA748EE2BEC778100F7FD76 /* AddIconWalletCell.swift */ = {isa = PBXFileReference; lastKnownFileType = sourcecode.swift; path = AddIconWalletCell.swift; sourceTree = "<group>"; };
		3FB951D72BE79EDB00F71B73 /* DetailExpenseViewController.swift */ = {isa = PBXFileReference; lastKnownFileType = sourcecode.swift; path = DetailExpenseViewController.swift; sourceTree = "<group>"; };
		3FC287FD2BEBBA6500B3C841 /* ImageCell.swift */ = {isa = PBXFileReference; lastKnownFileType = sourcecode.swift; path = ImageCell.swift; sourceTree = "<group>"; };
		3FC287FF2BEBCDF100B3C841 /* IncomeImageCell.swift */ = {isa = PBXFileReference; lastKnownFileType = sourcecode.swift; path = IncomeImageCell.swift; sourceTree = "<group>"; };
		3FE5D8A52BFC11B000F963D9 /* DetailExpenseCell.swift */ = {isa = PBXFileReference; lastKnownFileType = sourcecode.swift; path = DetailExpenseCell.swift; sourceTree = "<group>"; };
		3FE5D8A72BFC178100F963D9 /* DetailIncomeCell.swift */ = {isa = PBXFileReference; lastKnownFileType = sourcecode.swift; path = DetailIncomeCell.swift; sourceTree = "<group>"; };
		6436505D2BE804950019A04B /* TransactionViewController.swift */ = {isa = PBXFileReference; lastKnownFileType = sourcecode.swift; path = TransactionViewController.swift; sourceTree = "<group>"; };
		643C040D2BD7CC28008E105E /* HomeViewController.swift */ = {isa = PBXFileReference; lastKnownFileType = sourcecode.swift; path = HomeViewController.swift; sourceTree = "<group>"; };
		643C04162BDCB17A008E105E /* Transaction.swift */ = {isa = PBXFileReference; lastKnownFileType = sourcecode.swift; path = Transaction.swift; sourceTree = "<group>"; };
		644E046D2BED276A004D2AFB /* AccountWalletsViewController.swift */ = {isa = PBXFileReference; lastKnownFileType = sourcecode.swift; path = AccountWalletsViewController.swift; sourceTree = "<group>"; };
		644E046F2BED2985004D2AFB /* WalletTableViewCell.swift */ = {isa = PBXFileReference; lastKnownFileType = sourcecode.swift; path = WalletTableViewCell.swift; sourceTree = "<group>"; };
		644E04702BED2985004D2AFB /* WalletTableViewCell.xib */ = {isa = PBXFileReference; lastKnownFileType = file.xib; path = WalletTableViewCell.xib; sourceTree = "<group>"; };
		644E04732BED2B35004D2AFB /* Wallet.swift */ = {isa = PBXFileReference; lastKnownFileType = sourcecode.swift; path = Wallet.swift; sourceTree = "<group>"; };
		644E04772BEDC1AF004D2AFB /* DetailWalletViewController.swift */ = {isa = PBXFileReference; lastKnownFileType = sourcecode.swift; path = DetailWalletViewController.swift; sourceTree = "<group>"; };
		644E04792BEE567E004D2AFB /* WelcomeNavigation_Controller.swift */ = {isa = PBXFileReference; lastKnownFileType = sourcecode.swift; path = WelcomeNavigation_Controller.swift; sourceTree = "<group>"; };
		644E047B2BEF2A7B004D2AFB /* UserProfile.swift */ = {isa = PBXFileReference; lastKnownFileType = sourcecode.swift; path = UserProfile.swift; sourceTree = "<group>"; };
		6467B9112BF0772300373C8B /* Category.swift */ = {isa = PBXFileReference; lastKnownFileType = sourcecode.swift; path = Category.swift; sourceTree = "<group>"; };
		646B64C32BD5A151004049FB /* GoogleService-Info.plist */ = {isa = PBXFileReference; fileEncoding = 4; lastKnownFileType = text.plist.xml; path = "GoogleService-Info.plist"; sourceTree = "<group>"; };
		646B64D32BD667C7004049FB /* ForgotPasswordViewController.swift */ = {isa = PBXFileReference; lastKnownFileType = sourcecode.swift; path = ForgotPasswordViewController.swift; sourceTree = "<group>"; };
		646E4C9A2BDFB148004DCCF2 /* TransactionTableViewCell.swift */ = {isa = PBXFileReference; lastKnownFileType = sourcecode.swift; path = TransactionTableViewCell.swift; sourceTree = "<group>"; };
		646E4C9B2BDFB148004DCCF2 /* TransactionTableViewCell.xib */ = {isa = PBXFileReference; lastKnownFileType = file.xib; path = TransactionTableViewCell.xib; sourceTree = "<group>"; };
		6476A9D12BD53384009935A8 /* WelcomeViewController.swift */ = {isa = PBXFileReference; lastKnownFileType = sourcecode.swift; path = WelcomeViewController.swift; sourceTree = "<group>"; };
		6476A9D92BD57228009935A8 /* SignUpViewController.swift */ = {isa = PBXFileReference; lastKnownFileType = sourcecode.swift; path = SignUpViewController.swift; sourceTree = "<group>"; };
		64B9EFE52BDD0163007055B8 /* TransactionTableViewController.swift */ = {isa = PBXFileReference; lastKnownFileType = sourcecode.swift; path = TransactionTableViewController.swift; sourceTree = "<group>"; };
		64B9EFE72BDD01FA007055B8 /* Transaction_TEMP_TableViewCell.swift */ = {isa = PBXFileReference; lastKnownFileType = sourcecode.swift; path = Transaction_TEMP_TableViewCell.swift; sourceTree = "<group>"; };
		64B9EFED2BDD4FDC007055B8 /* TabHomeViewController.swift */ = {isa = PBXFileReference; lastKnownFileType = sourcecode.swift; path = TabHomeViewController.swift; sourceTree = "<group>"; };
/* End PBXFileReference section */

/* Begin PBXFrameworksBuildPhase section */
		3F92F04D2BD5375100CCD1D9 /* Frameworks */ = {
			isa = PBXFrameworksBuildPhase;
			buildActionMask = 2147483647;
			files = (
				646B64CC2BD5B145004049FB /* FirebaseAuth in Frameworks */,
				646B64D22BD5B145004049FB /* FirebaseStorage in Frameworks */,
				646B64CE2BD5B145004049FB /* FirebaseFirestore in Frameworks */,
				646B64D02BD5B145004049FB /* FirebaseFirestoreSwift in Frameworks */,
				6464A2602BFB535800B6A4A2 /* SDWebImage in Frameworks */,
			);
			runOnlyForDeploymentPostprocessing = 0;
		};
		3F92F0662BD5375300CCD1D9 /* Frameworks */ = {
			isa = PBXFrameworksBuildPhase;
			buildActionMask = 2147483647;
			files = (
			);
			runOnlyForDeploymentPostprocessing = 0;
		};
		3F92F0702BD5375300CCD1D9 /* Frameworks */ = {
			isa = PBXFrameworksBuildPhase;
			buildActionMask = 2147483647;
			files = (
			);
			runOnlyForDeploymentPostprocessing = 0;
		};
/* End PBXFrameworksBuildPhase section */

/* Begin PBXGroup section */
		3F92F0472BD5375000CCD1D9 = {
			isa = PBXGroup;
			children = (
				3F92F0522BD5375100CCD1D9 /* ios-money-management */,
				3F92F06C2BD5375300CCD1D9 /* ios-money-managementTests */,
				3F92F0762BD5375300CCD1D9 /* ios-money-managementUITests */,
				3F92F0512BD5375100CCD1D9 /* Products */,
			);
			sourceTree = "<group>";
		};
		3F92F0512BD5375100CCD1D9 /* Products */ = {
			isa = PBXGroup;
			children = (
				3F92F0502BD5375100CCD1D9 /* ios-money-management.app */,
				3F92F0692BD5375300CCD1D9 /* ios-money-managementTests.xctest */,
				3F92F0732BD5375300CCD1D9 /* ios-money-managementUITests.xctest */,
			);
			name = Products;
			sourceTree = "<group>";
		};
		3F92F0522BD5375100CCD1D9 /* ios-money-management */ = {
			isa = PBXGroup;
			children = (
				643C04152BDCB159008E105E /* Models */,
				646B64C32BD5A151004049FB /* GoogleService-Info.plist */,
				3F92F0872BD5400300CCD1D9 /* Controllers */,
				3F92F0862BD53FA800CCD1D9 /* System files */,
				3F92F0592BD5375100CCD1D9 /* Main.storyboard */,
				3F92F05C2BD5375100CCD1D9 /* ios_money_management.xcdatamodeld */,
			);
			path = "ios-money-management";
			sourceTree = "<group>";
		};
		3F92F06C2BD5375300CCD1D9 /* ios-money-managementTests */ = {
			isa = PBXGroup;
			children = (
				3F92F06D2BD5375300CCD1D9 /* ios_money_managementTests.swift */,
			);
			path = "ios-money-managementTests";
			sourceTree = "<group>";
		};
		3F92F0762BD5375300CCD1D9 /* ios-money-managementUITests */ = {
			isa = PBXGroup;
			children = (
				3F92F0772BD5375300CCD1D9 /* ios_money_managementUITests.swift */,
				3F92F0792BD5375300CCD1D9 /* ios_money_managementUITestsLaunchTests.swift */,
			);
			path = "ios-money-managementUITests";
			sourceTree = "<group>";
		};
		3F92F0862BD53FA800CCD1D9 /* System files */ = {
			isa = PBXGroup;
			children = (
				3F92F0532BD5375100CCD1D9 /* AppDelegate.swift */,
				3F92F0552BD5375100CCD1D9 /* SceneDelegate.swift */,
				3F92F05F2BD5375200CCD1D9 /* Assets.xcassets */,
				3F92F0612BD5375200CCD1D9 /* LaunchScreen.storyboard */,
				3F92F0642BD5375200CCD1D9 /* Info.plist */,
			);
			name = "System files";
			sourceTree = "<group>";
		};
		3F92F0872BD5400300CCD1D9 /* Controllers */ = {
			isa = PBXGroup;
			children = (
				3FC287FD2BEBBA6500B3C841 /* ImageCell.swift */,
				3FC287FF2BEBCDF100B3C841 /* IncomeImageCell.swift */,
				3FE5D8A52BFC11B000F963D9 /* DetailExpenseCell.swift */,
				3FA748EC2BEC59A900F7FD76 /* IconCell.swift */,
				3FA748EE2BEC778100F7FD76 /* AddIconWalletCell.swift */,
				3F92F0572BD5375100CCD1D9 /* LoginViewController.swift */,
				6476A9D12BD53384009935A8 /* WelcomeViewController.swift */,
				6476A9D92BD57228009935A8 /* SignUpViewController.swift */,
				646B64D32BD667C7004049FB /* ForgotPasswordViewController.swift */,
				643C040D2BD7CC28008E105E /* HomeViewController.swift */,
				64B9EFE52BDD0163007055B8 /* TransactionTableViewController.swift */,
				64B9EFE72BDD01FA007055B8 /* Transaction_TEMP_TableViewCell.swift */,
				64B9EFED2BDD4FDC007055B8 /* TabHomeViewController.swift */,
				3F49B7832BDD948C0061CE46 /* NewExpenseController.swift */,
				3F91F9532BDE8AAF00D53E19 /* NewIncomeController.swift */,
				3FB951D72BE79EDB00F71B73 /* DetailExpenseViewController.swift */,
				3F9E5FBD2BEC394900E6A36B /* AddWalletViewController.swift */,
				3FA1F5F42BE81DA20010C22D /* DetailIncomeViewController.swift */,
				3F9E5FBF2BEC39E700E6A36B /* EditWalletViewController.swift */,
				646E4C9A2BDFB148004DCCF2 /* TransactionTableViewCell.swift */,
				646E4C9B2BDFB148004DCCF2 /* TransactionTableViewCell.xib */,
				6436505D2BE804950019A04B /* TransactionViewController.swift */,
				644E046D2BED276A004D2AFB /* AccountWalletsViewController.swift */,
				644E046F2BED2985004D2AFB /* WalletTableViewCell.swift */,
				644E04702BED2985004D2AFB /* WalletTableViewCell.xib */,
				644E04772BEDC1AF004D2AFB /* DetailWalletViewController.swift */,
				3F7F7D4C2BEE38B700AF4867 /* ProfileViewController.swift */,
				3F7F7D4E2BEE4F5E00AF4867 /* EditProfileViewController.swift */,
				3F37FA042BEE7BD900EFB362 /* SettingCell.swift */,
				644E04792BEE567E004D2AFB /* WelcomeNavigation_Controller.swift */,
				3FE5D8A72BFC178100F963D9 /* DetailIncomeCell.swift */,
			);
			path = Controllers;
			sourceTree = "<group>";
		};
		643C04152BDCB159008E105E /* Models */ = {
			isa = PBXGroup;
			children = (
				643C04162BDCB17A008E105E /* Transaction.swift */,
				644E04732BED2B35004D2AFB /* Wallet.swift */,
				644E047B2BEF2A7B004D2AFB /* UserProfile.swift */,
				6467B9112BF0772300373C8B /* Category.swift */,
			);
			path = Models;
			sourceTree = "<group>";
		};
/* End PBXGroup section */

/* Begin PBXNativeTarget section */
		3F92F04F2BD5375100CCD1D9 /* ios-money-management */ = {
			isa = PBXNativeTarget;
			buildConfigurationList = 3F92F07D2BD5375300CCD1D9 /* Build configuration list for PBXNativeTarget "ios-money-management" */;
			buildPhases = (
				3F92F04C2BD5375100CCD1D9 /* Sources */,
				3F92F04D2BD5375100CCD1D9 /* Frameworks */,
				3F92F04E2BD5375100CCD1D9 /* Resources */,
			);
			buildRules = (
			);
			dependencies = (
			);
			name = "ios-money-management";
			packageProductDependencies = (
				646B64CB2BD5B145004049FB /* FirebaseAuth */,
				646B64CD2BD5B145004049FB /* FirebaseFirestore */,
				646B64CF2BD5B145004049FB /* FirebaseFirestoreSwift */,
				646B64D12BD5B145004049FB /* FirebaseStorage */,
				6464A25F2BFB535800B6A4A2 /* SDWebImage */,
			);
			productName = "ios-money-management";
			productReference = 3F92F0502BD5375100CCD1D9 /* ios-money-management.app */;
			productType = "com.apple.product-type.application";
		};
		3F92F0682BD5375300CCD1D9 /* ios-money-managementTests */ = {
			isa = PBXNativeTarget;
			buildConfigurationList = 3F92F0802BD5375300CCD1D9 /* Build configuration list for PBXNativeTarget "ios-money-managementTests" */;
			buildPhases = (
				3F92F0652BD5375300CCD1D9 /* Sources */,
				3F92F0662BD5375300CCD1D9 /* Frameworks */,
				3F92F0672BD5375300CCD1D9 /* Resources */,
			);
			buildRules = (
			);
			dependencies = (
				3F92F06B2BD5375300CCD1D9 /* PBXTargetDependency */,
			);
			name = "ios-money-managementTests";
			productName = "ios-money-managementTests";
			productReference = 3F92F0692BD5375300CCD1D9 /* ios-money-managementTests.xctest */;
			productType = "com.apple.product-type.bundle.unit-test";
		};
		3F92F0722BD5375300CCD1D9 /* ios-money-managementUITests */ = {
			isa = PBXNativeTarget;
			buildConfigurationList = 3F92F0832BD5375300CCD1D9 /* Build configuration list for PBXNativeTarget "ios-money-managementUITests" */;
			buildPhases = (
				3F92F06F2BD5375300CCD1D9 /* Sources */,
				3F92F0702BD5375300CCD1D9 /* Frameworks */,
				3F92F0712BD5375300CCD1D9 /* Resources */,
			);
			buildRules = (
			);
			dependencies = (
				3F92F0752BD5375300CCD1D9 /* PBXTargetDependency */,
			);
			name = "ios-money-managementUITests";
			productName = "ios-money-managementUITests";
			productReference = 3F92F0732BD5375300CCD1D9 /* ios-money-managementUITests.xctest */;
			productType = "com.apple.product-type.bundle.ui-testing";
		};
/* End PBXNativeTarget section */

/* Begin PBXProject section */
		3F92F0482BD5375000CCD1D9 /* Project object */ = {
			isa = PBXProject;
			attributes = {
				BuildIndependentTargetsInParallel = 1;
				LastSwiftUpdateCheck = 1420;
				LastUpgradeCheck = 1420;
				TargetAttributes = {
					3F92F04F2BD5375100CCD1D9 = {
						CreatedOnToolsVersion = 14.2;
					};
					3F92F0682BD5375300CCD1D9 = {
						CreatedOnToolsVersion = 14.2;
						TestTargetID = 3F92F04F2BD5375100CCD1D9;
					};
					3F92F0722BD5375300CCD1D9 = {
						CreatedOnToolsVersion = 14.2;
						TestTargetID = 3F92F04F2BD5375100CCD1D9;
					};
				};
			};
			buildConfigurationList = 3F92F04B2BD5375000CCD1D9 /* Build configuration list for PBXProject "ios-money-management" */;
			compatibilityVersion = "Xcode 14.0";
			developmentRegion = en;
			hasScannedForEncodings = 0;
			knownRegions = (
				en,
				Base,
			);
			mainGroup = 3F92F0472BD5375000CCD1D9;
			packageReferences = (
				646B64CA2BD5B145004049FB /* XCRemoteSwiftPackageReference "firebase-ios-sdk" */,
				6464A25E2BFB535800B6A4A2 /* XCRemoteSwiftPackageReference "SDWebImage" */,
			);
			productRefGroup = 3F92F0512BD5375100CCD1D9 /* Products */;
			projectDirPath = "";
			projectRoot = "";
			targets = (
				3F92F04F2BD5375100CCD1D9 /* ios-money-management */,
				3F92F0682BD5375300CCD1D9 /* ios-money-managementTests */,
				3F92F0722BD5375300CCD1D9 /* ios-money-managementUITests */,
			);
		};
/* End PBXProject section */

/* Begin PBXResourcesBuildPhase section */
		3F92F04E2BD5375100CCD1D9 /* Resources */ = {
			isa = PBXResourcesBuildPhase;
			buildActionMask = 2147483647;
			files = (
				644E04722BED2985004D2AFB /* WalletTableViewCell.xib in Resources */,
				646E4C9D2BDFB148004DCCF2 /* TransactionTableViewCell.xib in Resources */,
				3F92F0632BD5375200CCD1D9 /* LaunchScreen.storyboard in Resources */,
				646B64C42BD5A151004049FB /* GoogleService-Info.plist in Resources */,
				3F92F0602BD5375200CCD1D9 /* Assets.xcassets in Resources */,
				3F92F05B2BD5375100CCD1D9 /* Main.storyboard in Resources */,
			);
			runOnlyForDeploymentPostprocessing = 0;
		};
		3F92F0672BD5375300CCD1D9 /* Resources */ = {
			isa = PBXResourcesBuildPhase;
			buildActionMask = 2147483647;
			files = (
			);
			runOnlyForDeploymentPostprocessing = 0;
		};
		3F92F0712BD5375300CCD1D9 /* Resources */ = {
			isa = PBXResourcesBuildPhase;
			buildActionMask = 2147483647;
			files = (
			);
			runOnlyForDeploymentPostprocessing = 0;
		};
/* End PBXResourcesBuildPhase section */

/* Begin PBXSourcesBuildPhase section */
		3F92F04C2BD5375100CCD1D9 /* Sources */ = {
			isa = PBXSourcesBuildPhase;
			buildActionMask = 2147483647;
			files = (
				3FA1F5F52BE81DA20010C22D /* DetailIncomeViewController.swift in Sources */,
				3FB951D82BE79EDB00F71B73 /* DetailExpenseViewController.swift in Sources */,
				643C04172BDCB17A008E105E /* Transaction.swift in Sources */,
				644E04782BEDC1AF004D2AFB /* DetailWalletViewController.swift in Sources */,
				646E4C9C2BDFB148004DCCF2 /* TransactionTableViewCell.swift in Sources */,
				644E047C2BEF2A7B004D2AFB /* UserProfile.swift in Sources */,
				64B9EFEE2BDD4FDC007055B8 /* TabHomeViewController.swift in Sources */,
				3FE5D8A82BFC178100F963D9 /* DetailIncomeCell.swift in Sources */,
				64B9EFE82BDD01FA007055B8 /* Transaction_TEMP_TableViewCell.swift in Sources */,
				6476A9DA2BD57228009935A8 /* SignUpViewController.swift in Sources */,
				3FC287FE2BEBBA6500B3C841 /* ImageCell.swift in Sources */,
				3F7F7D4F2BEE4F5E00AF4867 /* EditProfileViewController.swift in Sources */,
				6467B9122BF0772300373C8B /* Category.swift in Sources */,
				646B64D42BD667C7004049FB /* ForgotPasswordViewController.swift in Sources */,
				644E04742BED2B35004D2AFB /* Wallet.swift in Sources */,
				644E047A2BEE567E004D2AFB /* WelcomeNavigation_Controller.swift in Sources */,
				644E04712BED2985004D2AFB /* WalletTableViewCell.swift in Sources */,
				3FE5D8A62BFC11B000F963D9 /* DetailExpenseCell.swift in Sources */,
				644E046E2BED276A004D2AFB /* AccountWalletsViewController.swift in Sources */,
				3FA748ED2BEC59A900F7FD76 /* IconCell.swift in Sources */,
				3F7F7D4D2BEE38B700AF4867 /* ProfileViewController.swift in Sources */,
				3F92F0582BD5375100CCD1D9 /* LoginViewController.swift in Sources */,
				643C040E2BD7CC28008E105E /* HomeViewController.swift in Sources */,
				3FA748EF2BEC778100F7FD76 /* AddIconWalletCell.swift in Sources */,
				3F91F9542BDE8AAF00D53E19 /* NewIncomeController.swift in Sources */,
				3F49B7842BDD948C0061CE46 /* NewExpenseController.swift in Sources */,
				6476A9D22BD53384009935A8 /* WelcomeViewController.swift in Sources */,
				3FC288002BEBCDF100B3C841 /* IncomeImageCell.swift in Sources */,
				3F92F05E2BD5375100CCD1D9 /* ios_money_management.xcdatamodeld in Sources */,
				3F37FA052BEE7BD900EFB362 /* SettingCell.swift in Sources */,
				3F9E5FC02BEC39E700E6A36B /* EditWalletViewController.swift in Sources */,
				64B9EFE62BDD0163007055B8 /* TransactionTableViewController.swift in Sources */,
				3F92F0542BD5375100CCD1D9 /* AppDelegate.swift in Sources */,
				3F92F0562BD5375100CCD1D9 /* SceneDelegate.swift in Sources */,
				3F9E5FBE2BEC394900E6A36B /* AddWalletViewController.swift in Sources */,
				6436505E2BE804950019A04B /* TransactionViewController.swift in Sources */,
			);
			runOnlyForDeploymentPostprocessing = 0;
		};
		3F92F0652BD5375300CCD1D9 /* Sources */ = {
			isa = PBXSourcesBuildPhase;
			buildActionMask = 2147483647;
			files = (
				3F92F06E2BD5375300CCD1D9 /* ios_money_managementTests.swift in Sources */,
			);
			runOnlyForDeploymentPostprocessing = 0;
		};
		3F92F06F2BD5375300CCD1D9 /* Sources */ = {
			isa = PBXSourcesBuildPhase;
			buildActionMask = 2147483647;
			files = (
				3F92F07A2BD5375300CCD1D9 /* ios_money_managementUITestsLaunchTests.swift in Sources */,
				3F92F0782BD5375300CCD1D9 /* ios_money_managementUITests.swift in Sources */,
			);
			runOnlyForDeploymentPostprocessing = 0;
		};
/* End PBXSourcesBuildPhase section */

/* Begin PBXTargetDependency section */
		3F92F06B2BD5375300CCD1D9 /* PBXTargetDependency */ = {
			isa = PBXTargetDependency;
			target = 3F92F04F2BD5375100CCD1D9 /* ios-money-management */;
			targetProxy = 3F92F06A2BD5375300CCD1D9 /* PBXContainerItemProxy */;
		};
		3F92F0752BD5375300CCD1D9 /* PBXTargetDependency */ = {
			isa = PBXTargetDependency;
			target = 3F92F04F2BD5375100CCD1D9 /* ios-money-management */;
			targetProxy = 3F92F0742BD5375300CCD1D9 /* PBXContainerItemProxy */;
		};
/* End PBXTargetDependency section */

/* Begin PBXVariantGroup section */
		3F92F0592BD5375100CCD1D9 /* Main.storyboard */ = {
			isa = PBXVariantGroup;
			children = (
				3F92F05A2BD5375100CCD1D9 /* Base */,
			);
			name = Main.storyboard;
			sourceTree = "<group>";
		};
		3F92F0612BD5375200CCD1D9 /* LaunchScreen.storyboard */ = {
			isa = PBXVariantGroup;
			children = (
				3F92F0622BD5375200CCD1D9 /* Base */,
			);
			name = LaunchScreen.storyboard;
			sourceTree = "<group>";
		};
/* End PBXVariantGroup section */

/* Begin XCBuildConfiguration section */
		3F92F07B2BD5375300CCD1D9 /* Debug */ = {
			isa = XCBuildConfiguration;
			buildSettings = {
				ALWAYS_SEARCH_USER_PATHS = NO;
				CLANG_ANALYZER_NONNULL = YES;
				CLANG_ANALYZER_NUMBER_OBJECT_CONVERSION = YES_AGGRESSIVE;
				CLANG_CXX_LANGUAGE_STANDARD = "gnu++20";
				CLANG_ENABLE_MODULES = YES;
				CLANG_ENABLE_OBJC_ARC = YES;
				CLANG_ENABLE_OBJC_WEAK = YES;
				CLANG_WARN_BLOCK_CAPTURE_AUTORELEASING = YES;
				CLANG_WARN_BOOL_CONVERSION = YES;
				CLANG_WARN_COMMA = YES;
				CLANG_WARN_CONSTANT_CONVERSION = YES;
				CLANG_WARN_DEPRECATED_OBJC_IMPLEMENTATIONS = YES;
				CLANG_WARN_DIRECT_OBJC_ISA_USAGE = YES_ERROR;
				CLANG_WARN_DOCUMENTATION_COMMENTS = YES;
				CLANG_WARN_EMPTY_BODY = YES;
				CLANG_WARN_ENUM_CONVERSION = YES;
				CLANG_WARN_INFINITE_RECURSION = YES;
				CLANG_WARN_INT_CONVERSION = YES;
				CLANG_WARN_NON_LITERAL_NULL_CONVERSION = YES;
				CLANG_WARN_OBJC_IMPLICIT_RETAIN_SELF = YES;
				CLANG_WARN_OBJC_LITERAL_CONVERSION = YES;
				CLANG_WARN_OBJC_ROOT_CLASS = YES_ERROR;
				CLANG_WARN_QUOTED_INCLUDE_IN_FRAMEWORK_HEADER = YES;
				CLANG_WARN_RANGE_LOOP_ANALYSIS = YES;
				CLANG_WARN_STRICT_PROTOTYPES = YES;
				CLANG_WARN_SUSPICIOUS_MOVE = YES;
				CLANG_WARN_UNGUARDED_AVAILABILITY = YES_AGGRESSIVE;
				CLANG_WARN_UNREACHABLE_CODE = YES;
				CLANG_WARN__DUPLICATE_METHOD_MATCH = YES;
				COPY_PHASE_STRIP = NO;
				DEBUG_INFORMATION_FORMAT = dwarf;
				ENABLE_STRICT_OBJC_MSGSEND = YES;
				ENABLE_TESTABILITY = YES;
				GCC_C_LANGUAGE_STANDARD = gnu11;
				GCC_DYNAMIC_NO_PIC = NO;
				GCC_NO_COMMON_BLOCKS = YES;
				GCC_OPTIMIZATION_LEVEL = 0;
				GCC_PREPROCESSOR_DEFINITIONS = (
					"DEBUG=1",
					"$(inherited)",
				);
				GCC_WARN_64_TO_32_BIT_CONVERSION = YES;
				GCC_WARN_ABOUT_RETURN_TYPE = YES_ERROR;
				GCC_WARN_UNDECLARED_SELECTOR = YES;
				GCC_WARN_UNINITIALIZED_AUTOS = YES_AGGRESSIVE;
				GCC_WARN_UNUSED_FUNCTION = YES;
				GCC_WARN_UNUSED_VARIABLE = YES;
				IPHONEOS_DEPLOYMENT_TARGET = 16.2;
				MTL_ENABLE_DEBUG_INFO = INCLUDE_SOURCE;
				MTL_FAST_MATH = YES;
				ONLY_ACTIVE_ARCH = YES;
				SDKROOT = iphoneos;
				SWIFT_ACTIVE_COMPILATION_CONDITIONS = DEBUG;
				SWIFT_OPTIMIZATION_LEVEL = "-Onone";
			};
			name = Debug;
		};
		3F92F07C2BD5375300CCD1D9 /* Release */ = {
			isa = XCBuildConfiguration;
			buildSettings = {
				ALWAYS_SEARCH_USER_PATHS = NO;
				CLANG_ANALYZER_NONNULL = YES;
				CLANG_ANALYZER_NUMBER_OBJECT_CONVERSION = YES_AGGRESSIVE;
				CLANG_CXX_LANGUAGE_STANDARD = "gnu++20";
				CLANG_ENABLE_MODULES = YES;
				CLANG_ENABLE_OBJC_ARC = YES;
				CLANG_ENABLE_OBJC_WEAK = YES;
				CLANG_WARN_BLOCK_CAPTURE_AUTORELEASING = YES;
				CLANG_WARN_BOOL_CONVERSION = YES;
				CLANG_WARN_COMMA = YES;
				CLANG_WARN_CONSTANT_CONVERSION = YES;
				CLANG_WARN_DEPRECATED_OBJC_IMPLEMENTATIONS = YES;
				CLANG_WARN_DIRECT_OBJC_ISA_USAGE = YES_ERROR;
				CLANG_WARN_DOCUMENTATION_COMMENTS = YES;
				CLANG_WARN_EMPTY_BODY = YES;
				CLANG_WARN_ENUM_CONVERSION = YES;
				CLANG_WARN_INFINITE_RECURSION = YES;
				CLANG_WARN_INT_CONVERSION = YES;
				CLANG_WARN_NON_LITERAL_NULL_CONVERSION = YES;
				CLANG_WARN_OBJC_IMPLICIT_RETAIN_SELF = YES;
				CLANG_WARN_OBJC_LITERAL_CONVERSION = YES;
				CLANG_WARN_OBJC_ROOT_CLASS = YES_ERROR;
				CLANG_WARN_QUOTED_INCLUDE_IN_FRAMEWORK_HEADER = YES;
				CLANG_WARN_RANGE_LOOP_ANALYSIS = YES;
				CLANG_WARN_STRICT_PROTOTYPES = YES;
				CLANG_WARN_SUSPICIOUS_MOVE = YES;
				CLANG_WARN_UNGUARDED_AVAILABILITY = YES_AGGRESSIVE;
				CLANG_WARN_UNREACHABLE_CODE = YES;
				CLANG_WARN__DUPLICATE_METHOD_MATCH = YES;
				COPY_PHASE_STRIP = NO;
				DEBUG_INFORMATION_FORMAT = "dwarf-with-dsym";
				ENABLE_NS_ASSERTIONS = NO;
				ENABLE_STRICT_OBJC_MSGSEND = YES;
				GCC_C_LANGUAGE_STANDARD = gnu11;
				GCC_NO_COMMON_BLOCKS = YES;
				GCC_WARN_64_TO_32_BIT_CONVERSION = YES;
				GCC_WARN_ABOUT_RETURN_TYPE = YES_ERROR;
				GCC_WARN_UNDECLARED_SELECTOR = YES;
				GCC_WARN_UNINITIALIZED_AUTOS = YES_AGGRESSIVE;
				GCC_WARN_UNUSED_FUNCTION = YES;
				GCC_WARN_UNUSED_VARIABLE = YES;
				IPHONEOS_DEPLOYMENT_TARGET = 16.2;
				MTL_ENABLE_DEBUG_INFO = NO;
				MTL_FAST_MATH = YES;
				SDKROOT = iphoneos;
				SWIFT_COMPILATION_MODE = wholemodule;
				SWIFT_OPTIMIZATION_LEVEL = "-O";
				VALIDATE_PRODUCT = YES;
			};
			name = Release;
		};
		3F92F07E2BD5375300CCD1D9 /* Debug */ = {
			isa = XCBuildConfiguration;
			buildSettings = {
				ASSETCATALOG_COMPILER_APPICON_NAME = AppIcon;
				ASSETCATALOG_COMPILER_GLOBAL_ACCENT_COLOR_NAME = AccentColor;
				CODE_SIGN_STYLE = Automatic;
				CURRENT_PROJECT_VERSION = 1;
				GENERATE_INFOPLIST_FILE = YES;
				INFOPLIST_FILE = "ios-money-management/Info.plist";
				INFOPLIST_KEY_UIApplicationSupportsIndirectInputEvents = YES;
				INFOPLIST_KEY_UILaunchStoryboardName = LaunchScreen;
				INFOPLIST_KEY_UIMainStoryboardFile = Main;
				INFOPLIST_KEY_UISupportedInterfaceOrientations = UIInterfaceOrientationPortrait;
				LD_RUNPATH_SEARCH_PATHS = (
					"$(inherited)",
					"@executable_path/Frameworks",
				);
				MARKETING_VERSION = 1.0;
				PRODUCT_BUNDLE_IDENTIFIER = "vn.tdc.edu.ios-money-management";
				PRODUCT_NAME = "$(TARGET_NAME)";
				SWIFT_EMIT_LOC_STRINGS = YES;
				SWIFT_VERSION = 5.0;
				TARGETED_DEVICE_FAMILY = "1,2";
			};
			name = Debug;
		};
		3F92F07F2BD5375300CCD1D9 /* Release */ = {
			isa = XCBuildConfiguration;
			buildSettings = {
				ASSETCATALOG_COMPILER_APPICON_NAME = AppIcon;
				ASSETCATALOG_COMPILER_GLOBAL_ACCENT_COLOR_NAME = AccentColor;
				CODE_SIGN_STYLE = Automatic;
				CURRENT_PROJECT_VERSION = 1;
				GENERATE_INFOPLIST_FILE = YES;
				INFOPLIST_FILE = "ios-money-management/Info.plist";
				INFOPLIST_KEY_UIApplicationSupportsIndirectInputEvents = YES;
				INFOPLIST_KEY_UILaunchStoryboardName = LaunchScreen;
				INFOPLIST_KEY_UIMainStoryboardFile = Main;
				INFOPLIST_KEY_UISupportedInterfaceOrientations = UIInterfaceOrientationPortrait;
				LD_RUNPATH_SEARCH_PATHS = (
					"$(inherited)",
					"@executable_path/Frameworks",
				);
				MARKETING_VERSION = 1.0;
				PRODUCT_BUNDLE_IDENTIFIER = "vn.tdc.edu.ios-money-management";
				PRODUCT_NAME = "$(TARGET_NAME)";
				SWIFT_EMIT_LOC_STRINGS = YES;
				SWIFT_VERSION = 5.0;
				TARGETED_DEVICE_FAMILY = "1,2";
			};
			name = Release;
		};
		3F92F0812BD5375300CCD1D9 /* Debug */ = {
			isa = XCBuildConfiguration;
			buildSettings = {
				ALWAYS_EMBED_SWIFT_STANDARD_LIBRARIES = YES;
				BUNDLE_LOADER = "$(TEST_HOST)";
				CODE_SIGN_STYLE = Automatic;
				CURRENT_PROJECT_VERSION = 1;
				GENERATE_INFOPLIST_FILE = YES;
				IPHONEOS_DEPLOYMENT_TARGET = 16.2;
				MARKETING_VERSION = 1.0;
				PRODUCT_BUNDLE_IDENTIFIER = "vn.tdc.edu.ios-money-managementTests";
				PRODUCT_NAME = "$(TARGET_NAME)";
				SWIFT_EMIT_LOC_STRINGS = NO;
				SWIFT_VERSION = 5.0;
				TARGETED_DEVICE_FAMILY = "1,2";
				TEST_HOST = "$(BUILT_PRODUCTS_DIR)/ios-money-management.app/$(BUNDLE_EXECUTABLE_FOLDER_PATH)/ios-money-management";
			};
			name = Debug;
		};
		3F92F0822BD5375300CCD1D9 /* Release */ = {
			isa = XCBuildConfiguration;
			buildSettings = {
				ALWAYS_EMBED_SWIFT_STANDARD_LIBRARIES = YES;
				BUNDLE_LOADER = "$(TEST_HOST)";
				CODE_SIGN_STYLE = Automatic;
				CURRENT_PROJECT_VERSION = 1;
				GENERATE_INFOPLIST_FILE = YES;
				IPHONEOS_DEPLOYMENT_TARGET = 16.2;
				MARKETING_VERSION = 1.0;
				PRODUCT_BUNDLE_IDENTIFIER = "vn.tdc.edu.ios-money-managementTests";
				PRODUCT_NAME = "$(TARGET_NAME)";
				SWIFT_EMIT_LOC_STRINGS = NO;
				SWIFT_VERSION = 5.0;
				TARGETED_DEVICE_FAMILY = "1,2";
				TEST_HOST = "$(BUILT_PRODUCTS_DIR)/ios-money-management.app/$(BUNDLE_EXECUTABLE_FOLDER_PATH)/ios-money-management";
			};
			name = Release;
		};
		3F92F0842BD5375300CCD1D9 /* Debug */ = {
			isa = XCBuildConfiguration;
			buildSettings = {
				ALWAYS_EMBED_SWIFT_STANDARD_LIBRARIES = YES;
				CODE_SIGN_STYLE = Automatic;
				CURRENT_PROJECT_VERSION = 1;
				GENERATE_INFOPLIST_FILE = YES;
				MARKETING_VERSION = 1.0;
				PRODUCT_BUNDLE_IDENTIFIER = "vn.tdc.edu.ios-money-managementUITests";
				PRODUCT_NAME = "$(TARGET_NAME)";
				SWIFT_EMIT_LOC_STRINGS = NO;
				SWIFT_VERSION = 5.0;
				TARGETED_DEVICE_FAMILY = "1,2";
				TEST_TARGET_NAME = "ios-money-management";
			};
			name = Debug;
		};
		3F92F0852BD5375300CCD1D9 /* Release */ = {
			isa = XCBuildConfiguration;
			buildSettings = {
				ALWAYS_EMBED_SWIFT_STANDARD_LIBRARIES = YES;
				CODE_SIGN_STYLE = Automatic;
				CURRENT_PROJECT_VERSION = 1;
				GENERATE_INFOPLIST_FILE = YES;
				MARKETING_VERSION = 1.0;
				PRODUCT_BUNDLE_IDENTIFIER = "vn.tdc.edu.ios-money-managementUITests";
				PRODUCT_NAME = "$(TARGET_NAME)";
				SWIFT_EMIT_LOC_STRINGS = NO;
				SWIFT_VERSION = 5.0;
				TARGETED_DEVICE_FAMILY = "1,2";
				TEST_TARGET_NAME = "ios-money-management";
			};
			name = Release;
		};
/* End XCBuildConfiguration section */

/* Begin XCConfigurationList section */
		3F92F04B2BD5375000CCD1D9 /* Build configuration list for PBXProject "ios-money-management" */ = {
			isa = XCConfigurationList;
			buildConfigurations = (
				3F92F07B2BD5375300CCD1D9 /* Debug */,
				3F92F07C2BD5375300CCD1D9 /* Release */,
			);
			defaultConfigurationIsVisible = 0;
			defaultConfigurationName = Release;
		};
		3F92F07D2BD5375300CCD1D9 /* Build configuration list for PBXNativeTarget "ios-money-management" */ = {
			isa = XCConfigurationList;
			buildConfigurations = (
				3F92F07E2BD5375300CCD1D9 /* Debug */,
				3F92F07F2BD5375300CCD1D9 /* Release */,
			);
			defaultConfigurationIsVisible = 0;
			defaultConfigurationName = Release;
		};
		3F92F0802BD5375300CCD1D9 /* Build configuration list for PBXNativeTarget "ios-money-managementTests" */ = {
			isa = XCConfigurationList;
			buildConfigurations = (
				3F92F0812BD5375300CCD1D9 /* Debug */,
				3F92F0822BD5375300CCD1D9 /* Release */,
			);
			defaultConfigurationIsVisible = 0;
			defaultConfigurationName = Release;
		};
		3F92F0832BD5375300CCD1D9 /* Build configuration list for PBXNativeTarget "ios-money-managementUITests" */ = {
			isa = XCConfigurationList;
			buildConfigurations = (
				3F92F0842BD5375300CCD1D9 /* Debug */,
				3F92F0852BD5375300CCD1D9 /* Release */,
			);
			defaultConfigurationIsVisible = 0;
			defaultConfigurationName = Release;
		};
/* End XCConfigurationList section */

/* Begin XCRemoteSwiftPackageReference section */
		6464A25E2BFB535800B6A4A2 /* XCRemoteSwiftPackageReference "SDWebImage" */ = {
			isa = XCRemoteSwiftPackageReference;
			repositoryURL = "https://github.com/SDWebImage/SDWebImage.git";
			requirement = {
				branch = master;
				kind = branch;
			};
		};
		646B64CA2BD5B145004049FB /* XCRemoteSwiftPackageReference "firebase-ios-sdk" */ = {
			isa = XCRemoteSwiftPackageReference;
			repositoryURL = "https://github.com/firebase/firebase-ios-sdk.git";
			requirement = {
				kind = upToNextMajorVersion;
				minimumVersion = 10.24.0;
			};
		};
/* End XCRemoteSwiftPackageReference section */

/* Begin XCSwiftPackageProductDependency section */
		6464A25F2BFB535800B6A4A2 /* SDWebImage */ = {
			isa = XCSwiftPackageProductDependency;
			package = 6464A25E2BFB535800B6A4A2 /* XCRemoteSwiftPackageReference "SDWebImage" */;
			productName = SDWebImage;
		};
		646B64CB2BD5B145004049FB /* FirebaseAuth */ = {
			isa = XCSwiftPackageProductDependency;
			package = 646B64CA2BD5B145004049FB /* XCRemoteSwiftPackageReference "firebase-ios-sdk" */;
			productName = FirebaseAuth;
		};
		646B64CD2BD5B145004049FB /* FirebaseFirestore */ = {
			isa = XCSwiftPackageProductDependency;
			package = 646B64CA2BD5B145004049FB /* XCRemoteSwiftPackageReference "firebase-ios-sdk" */;
			productName = FirebaseFirestore;
		};
		646B64CF2BD5B145004049FB /* FirebaseFirestoreSwift */ = {
			isa = XCSwiftPackageProductDependency;
			package = 646B64CA2BD5B145004049FB /* XCRemoteSwiftPackageReference "firebase-ios-sdk" */;
			productName = FirebaseFirestoreSwift;
		};
		646B64D12BD5B145004049FB /* FirebaseStorage */ = {
			isa = XCSwiftPackageProductDependency;
			package = 646B64CA2BD5B145004049FB /* XCRemoteSwiftPackageReference "firebase-ios-sdk" */;
			productName = FirebaseStorage;
		};
/* End XCSwiftPackageProductDependency section */

/* Begin XCVersionGroup section */
		3F92F05C2BD5375100CCD1D9 /* ios_money_management.xcdatamodeld */ = {
			isa = XCVersionGroup;
			children = (
				3F92F05D2BD5375100CCD1D9 /* ios_money_management.xcdatamodel */,
			);
			currentVersion = 3F92F05D2BD5375100CCD1D9 /* ios_money_management.xcdatamodel */;
			path = ios_money_management.xcdatamodeld;
			sourceTree = "<group>";
			versionGroupType = wrapper.xcdatamodel;
		};
/* End XCVersionGroup section */
	};
	rootObject = 3F92F0482BD5375000CCD1D9 /* Project object */;
}
